
Microsoft Visual Studio Solution File, Format Version 12.00
# Visual Studio Version 17
VisualStudioVersion = 17.10.35004.147
MinimumVisualStudioVersion = 10.0.40219.1
Project("{9A19103F-16F7-4668-BE54-9A1E7A4F7556}") = "Producto.DigitalTwins", "Producto.DigitalTwins\Producto.DigitalTwins.csproj", "{12785369-C739-46F4-97BB-A41E01E10D9B}"
EndProject
Global
	GlobalSection(SolutionConfigurationPlatforms) = preSolution
		Debug|Any CPU = Debug|Any CPU
		Release|Any CPU = Release|Any CPU
	EndGlobalSection
	GlobalSection(ProjectConfigurationPlatforms) = postSolution
		{12785369-C739-46F4-97BB-A41E01E10D9B}.Debug|Any CPU.ActiveCfg = Debug|Any CPU
		{12785369-C739-46F4-97BB-A41E01E10D9B}.Debug|Any CPU.Build.0 = Debug|Any CPU
		{12785369-C739-46F4-97BB-A41E01E10D9B}.Release|Any CPU.ActiveCfg = Release|Any CPU
		{12785369-C739-46F4-97BB-A41E01E10D9B}.Release|Any CPU.Build.0 = Release|Any CPU
	EndGlobalSection
	GlobalSection(SolutionProperties) = preSolution
		HideSolutionNode = FALSE
	EndGlobalSection
	GlobalSection(ExtensibilityGlobals) = postSolution
		SolutionGuid = {E6ACB625-150D-4963-A6B8-D6038C85BF03}
	EndGlobalSection
EndGlobal
