
Microsoft Visual Studio Solution File, Format Version 12.00
# Visual Studio Version 17
VisualStudioVersion = 17.10.35004.147
MinimumVisualStudioVersion = 10.0.40219.1
Project("{9A19103F-16F7-4668-BE54-9A1E7A4F7556}") = "Producto.DigitalTwins", "Producto.DigitalTwins\Producto.DigitalTwins.csproj", "{12785369-C739-46F4-97BB-A41E01E10D9B}"
EndProject
Project("{9A19103F-16F7-4668-BE54-9A1E7A4F7556}") = "Producto.DigitalTwins.Domain", "Producto.DigitalTwins.Domain\Producto.DigitalTwins.Domain.csproj", "{E59F6F4D-54C3-4B9A-BF97-E59FE7135B73}"
EndProject
Project("{9A19103F-16F7-4668-BE54-9A1E7A4F7556}") = "Producto.DigitalTwins.Application", "Producto.DigitalTwins.Application\Producto.DigitalTwins.Application.csproj", "{7DCAFC1E-03C6-4E2B-B051-275248D9A0A7}"
EndProject
Project("{9A19103F-16F7-4668-BE54-9A1E7A4F7556}") = "Producto.DigitalTwins.Infrastructure", "Producto.DigitalTwins.Infrastructure\Producto.DigitalTwins.Infrastructure.csproj", "{1B767994-C990-4FCE-A297-614A7BD77589}"
EndProject
Project("{2150E333-8FDC-42A3-9474-1A3956D46DE8}") = "Presentation", "Presentation", "{9D0806E8-8A5D-4705-80DA-8FC1DEE33E34}"
EndProject
Project("{9A19103F-16F7-4668-BE54-9A1E7A4F7556}") = "Producto.DigitalTwins.WebApi", "Producto.DigitalTwins.WebApi\Producto.DigitalTwins.WebApi.csproj", "{B5ACAFAA-BB29-408B-AB74-3442E886BFBB}"
EndProject
Project("{9A19103F-16F7-4668-BE54-9A1E7A4F7556}") = "Producto.DigitalTwins.Contract", "Producto.DigitalTwins.Contract\Producto.DigitalTwins.Contract.csproj", "{6F3F4FC8-6EBE-4786-9AA6-F9076CF20E57}"
EndProject
Project("{2150E333-8FDC-42A3-9474-1A3956D46DE8}") = "Docs", "Docs", "{24EDB9F0-E983-496E-AF6E-B85BD86C2D67}"
	ProjectSection(SolutionItems) = preProject
		README.md = README.md
	EndProjectSection
EndProject
Project("{2150E333-8FDC-42A3-9474-1A3956D46DE8}") = "Compose", "Compose", "{25451B79-C4CA-42B1-871B-74988492BE6D}"
	ProjectSection(SolutionItems) = preProject
		docker-compose.yml = docker-compose.yml
	EndProjectSection
EndProject
Project("{2150E333-8FDC-42A3-9474-1A3956D46DE8}") = "Core", "Core", "{E099B4CD-5B6F-45DB-AEB9-3E09FE2CC7C2}"
EndProject
Project("{2150E333-8FDC-42A3-9474-1A3956D46DE8}") = "Controllers", "Controllers", "{ED025B3D-EA7E-4C9D-B48F-6B70FE9A2A21}"
EndProject
Project("{2150E333-8FDC-42A3-9474-1A3956D46DE8}") = "KernelShared", "KernelShared", "{A7C4B26F-D93C-4E10-906E-A30E96C27C17}"
EndProject
Project("{9A19103F-16F7-4668-BE54-9A1E7A4F7556}") = "Producto.DigitalTwins.DanielliController", "Producto.DigitalTwins.DanielliController\Producto.DigitalTwins.DanielliController.csproj", "{8DD4F82E-AD3E-4AD2-B3D8-EC85C97651AA}"
EndProject
Project("{9A19103F-16F7-4668-BE54-9A1E7A4F7556}") = "Producto.DigitalTwins.Common", "Producto.DigitalTwins.Common\Producto.DigitalTwins.Common.csproj", "{52739DF0-8D0A-4CED-BEF2-9D6D0594B211}"
EndProject
Project("{2150E333-8FDC-42A3-9474-1A3956D46DE8}") = "ModeloDanielli", "ModeloDanielli", "{EA7E772A-E274-4B44-8D44-0DCF4AEBB23A}"
EndProject
Project("{2150E333-8FDC-42A3-9474-1A3956D46DE8}") = "ModuloDanielli", "ModuloDanielli", "{C328523E-F4F8-430F-AD11-A0103E0E7E62}"
EndProject
Project("{FAE04EC0-301F-11D3-BF4B-00C04F79EFBC}") = "Producto.DigitalTwins.ModeloDanielli", "Producto.DigitalTwins.ModeloDanielli\Producto.DigitalTwins.ModeloDanielli.csproj", "{38877AB0-85D6-4433-AE8B-BD6B1517393D}"
EndProject
Project("{FAE04EC0-301F-11D3-BF4B-00C04F79EFBC}") = "Producto.DigitalTwins.DanielliContract", "Producto.DigitalTwins.DanielliContract\Producto.DigitalTwins.DanielliContract.csproj", "{8CCC02EC-A59B-4506-810F-76F72D1069C8}"
EndProject
Global
	GlobalSection(SolutionConfigurationPlatforms) = preSolution
		Debug|Any CPU = Debug|Any CPU
		Release|Any CPU = Release|Any CPU
	EndGlobalSection
	GlobalSection(ProjectConfigurationPlatforms) = postSolution
		{12785369-C739-46F4-97BB-A41E01E10D9B}.Debug|Any CPU.ActiveCfg = Debug|Any CPU
		{12785369-C739-46F4-97BB-A41E01E10D9B}.Debug|Any CPU.Build.0 = Debug|Any CPU
		{12785369-C739-46F4-97BB-A41E01E10D9B}.Release|Any CPU.ActiveCfg = Release|Any CPU
		{12785369-C739-46F4-97BB-A41E01E10D9B}.Release|Any CPU.Build.0 = Release|Any CPU
		{E59F6F4D-54C3-4B9A-BF97-E59FE7135B73}.Debug|Any CPU.ActiveCfg = Debug|Any CPU
		{E59F6F4D-54C3-4B9A-BF97-E59FE7135B73}.Debug|Any CPU.Build.0 = Debug|Any CPU
		{E59F6F4D-54C3-4B9A-BF97-E59FE7135B73}.Release|Any CPU.ActiveCfg = Release|Any CPU
		{E59F6F4D-54C3-4B9A-BF97-E59FE7135B73}.Release|Any CPU.Build.0 = Release|Any CPU
		{7DCAFC1E-03C6-4E2B-B051-275248D9A0A7}.Debug|Any CPU.ActiveCfg = Debug|Any CPU
		{7DCAFC1E-03C6-4E2B-B051-275248D9A0A7}.Debug|Any CPU.Build.0 = Debug|Any CPU
		{7DCAFC1E-03C6-4E2B-B051-275248D9A0A7}.Release|Any CPU.ActiveCfg = Release|Any CPU
		{7DCAFC1E-03C6-4E2B-B051-275248D9A0A7}.Release|Any CPU.Build.0 = Release|Any CPU
		{1B767994-C990-4FCE-A297-614A7BD77589}.Debug|Any CPU.ActiveCfg = Debug|Any CPU
		{1B767994-C990-4FCE-A297-614A7BD77589}.Debug|Any CPU.Build.0 = Debug|Any CPU
		{1B767994-C990-4FCE-A297-614A7BD77589}.Release|Any CPU.ActiveCfg = Release|Any CPU
		{1B767994-C990-4FCE-A297-614A7BD77589}.Release|Any CPU.Build.0 = Release|Any CPU
		{B5ACAFAA-BB29-408B-AB74-3442E886BFBB}.Debug|Any CPU.ActiveCfg = Debug|Any CPU
		{B5ACAFAA-BB29-408B-AB74-3442E886BFBB}.Debug|Any CPU.Build.0 = Debug|Any CPU
		{B5ACAFAA-BB29-408B-AB74-3442E886BFBB}.Release|Any CPU.ActiveCfg = Release|Any CPU
		{B5ACAFAA-BB29-408B-AB74-3442E886BFBB}.Release|Any CPU.Build.0 = Release|Any CPU
		{6F3F4FC8-6EBE-4786-9AA6-F9076CF20E57}.Debug|Any CPU.ActiveCfg = Debug|Any CPU
		{6F3F4FC8-6EBE-4786-9AA6-F9076CF20E57}.Debug|Any CPU.Build.0 = Debug|Any CPU
		{6F3F4FC8-6EBE-4786-9AA6-F9076CF20E57}.Release|Any CPU.ActiveCfg = Release|Any CPU
		{6F3F4FC8-6EBE-4786-9AA6-F9076CF20E57}.Release|Any CPU.Build.0 = Release|Any CPU
		{8DD4F82E-AD3E-4AD2-B3D8-EC85C97651AA}.Debug|Any CPU.ActiveCfg = Debug|Any CPU
		{8DD4F82E-AD3E-4AD2-B3D8-EC85C97651AA}.Debug|Any CPU.Build.0 = Debug|Any CPU
		{8DD4F82E-AD3E-4AD2-B3D8-EC85C97651AA}.Release|Any CPU.ActiveCfg = Release|Any CPU
		{8DD4F82E-AD3E-4AD2-B3D8-EC85C97651AA}.Release|Any CPU.Build.0 = Release|Any CPU
		{52739DF0-8D0A-4CED-BEF2-9D6D0594B211}.Debug|Any CPU.ActiveCfg = Debug|Any CPU
		{52739DF0-8D0A-4CED-BEF2-9D6D0594B211}.Debug|Any CPU.Build.0 = Debug|Any CPU
		{52739DF0-8D0A-4CED-BEF2-9D6D0594B211}.Release|Any CPU.ActiveCfg = Release|Any CPU
		{52739DF0-8D0A-4CED-BEF2-9D6D0594B211}.Release|Any CPU.Build.0 = Release|Any CPU
		{38877AB0-85D6-4433-AE8B-BD6B1517393D}.Debug|Any CPU.ActiveCfg = Debug|Any CPU
		{38877AB0-85D6-4433-AE8B-BD6B1517393D}.Debug|Any CPU.Build.0 = Debug|Any CPU
		{38877AB0-85D6-4433-AE8B-BD6B1517393D}.Release|Any CPU.ActiveCfg = Release|Any CPU
		{38877AB0-85D6-4433-AE8B-BD6B1517393D}.Release|Any CPU.Build.0 = Release|Any CPU
		{8CCC02EC-A59B-4506-810F-76F72D1069C8}.Debug|Any CPU.ActiveCfg = Debug|Any CPU
		{8CCC02EC-A59B-4506-810F-76F72D1069C8}.Debug|Any CPU.Build.0 = Debug|Any CPU
		{8CCC02EC-A59B-4506-810F-76F72D1069C8}.Release|Any CPU.ActiveCfg = Release|Any CPU
		{8CCC02EC-A59B-4506-810F-76F72D1069C8}.Release|Any CPU.Build.0 = Release|Any CPU
	EndGlobalSection
	GlobalSection(SolutionProperties) = preSolution
		HideSolutionNode = FALSE
	EndGlobalSection
	GlobalSection(NestedProjects) = preSolution
		{12785369-C739-46F4-97BB-A41E01E10D9B} = {9D0806E8-8A5D-4705-80DA-8FC1DEE33E34}
		{E59F6F4D-54C3-4B9A-BF97-E59FE7135B73} = {E099B4CD-5B6F-45DB-AEB9-3E09FE2CC7C2}
		{7DCAFC1E-03C6-4E2B-B051-275248D9A0A7} = {E099B4CD-5B6F-45DB-AEB9-3E09FE2CC7C2}
		{1B767994-C990-4FCE-A297-614A7BD77589} = {E099B4CD-5B6F-45DB-AEB9-3E09FE2CC7C2}
		{9D0806E8-8A5D-4705-80DA-8FC1DEE33E34} = {C328523E-F4F8-430F-AD11-A0103E0E7E62}
		{B5ACAFAA-BB29-408B-AB74-3442E886BFBB} = {9D0806E8-8A5D-4705-80DA-8FC1DEE33E34}
		{6F3F4FC8-6EBE-4786-9AA6-F9076CF20E57} = {9D0806E8-8A5D-4705-80DA-8FC1DEE33E34}
		{E099B4CD-5B6F-45DB-AEB9-3E09FE2CC7C2} = {C328523E-F4F8-430F-AD11-A0103E0E7E62}
		{ED025B3D-EA7E-4C9D-B48F-6B70FE9A2A21} = {C328523E-F4F8-430F-AD11-A0103E0E7E62}
		{8DD4F82E-AD3E-4AD2-B3D8-EC85C97651AA} = {ED025B3D-EA7E-4C9D-B48F-6B70FE9A2A21}
		{52739DF0-8D0A-4CED-BEF2-9D6D0594B211} = {A7C4B26F-D93C-4E10-906E-A30E96C27C17}
		{EA7E772A-E274-4B44-8D44-0DCF4AEBB23A} = {C328523E-F4F8-430F-AD11-A0103E0E7E62}
		{38877AB0-85D6-4433-AE8B-BD6B1517393D} = {EA7E772A-E274-4B44-8D44-0DCF4AEBB23A}
		{8CCC02EC-A59B-4506-810F-76F72D1069C8} = {EA7E772A-E274-4B44-8D44-0DCF4AEBB23A}
	EndGlobalSection
	GlobalSection(ExtensibilityGlobals) = postSolution
		SolutionGuid = {E6ACB625-150D-4963-A6B8-D6038C85BF03}
	EndGlobalSection
EndGlobal
